
Microsoft Visual Studio Solution File, Format Version 12.00
# Visual Studio 15
VisualStudioVersion = 15.0.28307.421
MinimumVisualStudioVersion = 10.0.40219.1
Project("{FAE04EC0-301F-11D3-BF4B-00C04F79EFBC}") = "Lab1_KSIS", "Lab1_KSIS\Lab1_KSIS.csproj", "{F12E78B9-0F48-4474-96C1-607C19B38BFF}"
EndProject
Global
	GlobalSection(SolutionConfigurationPlatforms) = preSolution
		Debug|Any CPU = Debug|Any CPU
		Release|Any CPU = Release|Any CPU
	EndGlobalSection
	GlobalSection(ProjectConfigurationPlatforms) = postSolution
		{F12E78B9-0F48-4474-96C1-607C19B38BFF}.Debug|Any CPU.ActiveCfg = Debug|Any CPU
		{F12E78B9-0F48-4474-96C1-607C19B38BFF}.Debug|Any CPU.Build.0 = Debug|Any CPU
		{F12E78B9-0F48-4474-96C1-607C19B38BFF}.Release|Any CPU.ActiveCfg = Release|Any CPU
		{F12E78B9-0F48-4474-96C1-607C19B38BFF}.Release|Any CPU.Build.0 = Release|Any CPU
	EndGlobalSection
	GlobalSection(SolutionProperties) = preSolution
		HideSolutionNode = FALSE
	EndGlobalSection
	GlobalSection(ExtensibilityGlobals) = postSolution
		SolutionGuid = {30135CC1-1E63-4B1F-864E-D08E2B70BFEB}
	EndGlobalSection
EndGlobal
